
Microsoft Visual Studio Solution File, Format Version 12.00
# Visual Studio 15
Project("{FAE04EC0-301F-11D3-BF4B-00C04F79EFBC}") = "Assembly-CSharp-firstpass", "Assembly-CSharp-firstpass.csproj", "{F9EDE186-1F1F-01E5-B3D3-7376CAEFBB7D}"
EndProject
Project("{FAE04EC0-301F-11D3-BF4B-00C04F79EFBC}") = "Assembly-CSharp", "Assembly-CSharp.csproj", "{32D54051-E8F1-46A9-F2EB-3845F39CE029}"
EndProject
Project("{FAE04EC0-301F-11D3-BF4B-00C04F79EFBC}") = "Assembly-CSharp-Editor-firstpass", "Assembly-CSharp-Editor-firstpass.csproj", "{7302CBB3-3800-DEA6-33A4-97FF845AD0AB}"
EndProject
Project("{FAE04EC0-301F-11D3-BF4B-00C04F79EFBC}") = "Assembly-CSharp-Editor", "Assembly-CSharp-Editor.csproj", "{56E993BB-BE96-1786-AAB4-696ECF40930D}"
EndProject
Global
	GlobalSection(SolutionConfigurationPlatforms) = preSolution
		Debug|Any CPU = Debug|Any CPU
		Release|Any CPU = Release|Any CPU
	EndGlobalSection
	GlobalSection(ProjectConfigurationPlatforms) = postSolution
		{F9EDE186-1F1F-01E5-B3D3-7376CAEFBB7D}.Debug|Any CPU.ActiveCfg = Debug|Any CPU
		{F9EDE186-1F1F-01E5-B3D3-7376CAEFBB7D}.Debug|Any CPU.Build.0 = Debug|Any CPU
		{F9EDE186-1F1F-01E5-B3D3-7376CAEFBB7D}.Release|Any CPU.ActiveCfg = Release|Any CPU
		{F9EDE186-1F1F-01E5-B3D3-7376CAEFBB7D}.Release|Any CPU.Build.0 = Release|Any CPU
		{32D54051-E8F1-46A9-F2EB-3845F39CE029}.Debug|Any CPU.ActiveCfg = Debug|Any CPU
		{32D54051-E8F1-46A9-F2EB-3845F39CE029}.Debug|Any CPU.Build.0 = Debug|Any CPU
		{32D54051-E8F1-46A9-F2EB-3845F39CE029}.Release|Any CPU.ActiveCfg = Release|Any CPU
		{32D54051-E8F1-46A9-F2EB-3845F39CE029}.Release|Any CPU.Build.0 = Release|Any CPU
		{7302CBB3-3800-DEA6-33A4-97FF845AD0AB}.Debug|Any CPU.ActiveCfg = Debug|Any CPU
		{7302CBB3-3800-DEA6-33A4-97FF845AD0AB}.Debug|Any CPU.Build.0 = Debug|Any CPU
		{7302CBB3-3800-DEA6-33A4-97FF845AD0AB}.Release|Any CPU.ActiveCfg = Release|Any CPU
		{7302CBB3-3800-DEA6-33A4-97FF845AD0AB}.Release|Any CPU.Build.0 = Release|Any CPU
		{56E993BB-BE96-1786-AAB4-696ECF40930D}.Debug|Any CPU.ActiveCfg = Debug|Any CPU
		{56E993BB-BE96-1786-AAB4-696ECF40930D}.Debug|Any CPU.Build.0 = Debug|Any CPU
		{56E993BB-BE96-1786-AAB4-696ECF40930D}.Release|Any CPU.ActiveCfg = Release|Any CPU
		{56E993BB-BE96-1786-AAB4-696ECF40930D}.Release|Any CPU.Build.0 = Release|Any CPU
	EndGlobalSection
	GlobalSection(SolutionProperties) = preSolution
		HideSolutionNode = FALSE
	EndGlobalSection
EndGlobal
